
Microsoft Visual Studio Solution File, Format Version 12.00
# Visual Studio Version 16
VisualStudioVersion = 16.0.31112.23
MinimumVisualStudioVersion = 10.0.40219.1
Project("{FAE04EC0-301F-11D3-BF4B-00C04F79EFBC}") = "WindowSharingHider", "WindowSharingHider.csproj", "{A22A1935-CADD-4509-9B5A-CBD9C1F1AB96}"
EndProject
Global
	GlobalSection(SolutionConfigurationPlatforms) = preSolution
		Debug|Any CPU = Debug|Any CPU
		Release|Any CPU = Release|Any CPU
	EndGlobalSection
	GlobalSection(ProjectConfigurationPlatforms) = postSolution
		{A22A1935-CADD-4509-9B5A-CBD9C1F1AB96}.Debug|Any CPU.ActiveCfg = Debug|Any CPU
		{A22A1935-CADD-4509-9B5A-CBD9C1F1AB96}.Debug|Any CPU.Build.0 = Debug|Any CPU
		{A22A1935-CADD-4509-9B5A-CBD9C1F1AB96}.Release|Any CPU.ActiveCfg = Release|Any CPU
		{A22A1935-CADD-4509-9B5A-CBD9C1F1AB96}.Release|Any CPU.Build.0 = Release|Any CPU
	EndGlobalSection
	GlobalSection(SolutionProperties) = preSolution
		HideSolutionNode = FALSE
	EndGlobalSection
	GlobalSection(ExtensibilityGlobals) = postSolution
		SolutionGuid = {BF8E3E52-98CA-4223-B505-64A9DDB0FEBB}
	EndGlobalSection
EndGlobal
